{
  "nodes": {
    "nixpkgs": {
      "locked": {
        "lastModified": 1772564356,
        "narHash": "sha256-OaJHB9zB/B46lgaT2t/YlfJPnELUX/5CkUzUxWzvwFg=",
        "owner": "NixOS",
        "repo": "nixpkgs",
        "rev": "38e3bfd71b104d00dbc7159340294a20534cd624",
        "type": "github"
      },
      "original": {
        "owner": "NixOS",
        "repo": "nixpkgs",
        "rev": "38e3bfd71b104d00dbc7159340294a20534cd624",
        "type": "github"
      }
    },
    "root": {
      "inputs": {
        "nixpkgs": "nixpkgs"
      }
    }
  },
  "root": "root",
  "version": 7
}
